
Microsoft Visual Studio Solution File, Format Version 12.00
# Visual Studio Version 16
VisualStudioVersion = 16.0.30204.135
MinimumVisualStudioVersion = 10.0.40219.1
Project("{FAE04EC0-301F-11D3-BF4B-00C04F79EFBC}") = "SignalRApi", "SignalRApi\SignalRApi.csproj", "{D240AE19-F837-4FC5-8AE1-4AC4A9EC8A4E}"
EndProject
Global
	GlobalSection(SolutionConfigurationPlatforms) = preSolution
		Debug|Any CPU = Debug|Any CPU
		Release|Any CPU = Release|Any CPU
	EndGlobalSection
	GlobalSection(ProjectConfigurationPlatforms) = postSolution
		{D240AE19-F837-4FC5-8AE1-4AC4A9EC8A4E}.Debug|Any CPU.ActiveCfg = Debug|Any CPU
		{D240AE19-F837-4FC5-8AE1-4AC4A9EC8A4E}.Debug|Any CPU.Build.0 = Debug|Any CPU
		{D240AE19-F837-4FC5-8AE1-4AC4A9EC8A4E}.Release|Any CPU.ActiveCfg = Release|Any CPU
		{D240AE19-F837-4FC5-8AE1-4AC4A9EC8A4E}.Release|Any CPU.Build.0 = Release|Any CPU
	EndGlobalSection
	GlobalSection(SolutionProperties) = preSolution
		HideSolutionNode = FALSE
	EndGlobalSection
	GlobalSection(ExtensibilityGlobals) = postSolution
		SolutionGuid = {023619C3-3A07-4151-B7EA-5BC288CC9E92}
	EndGlobalSection
EndGlobal
